
Microsoft Visual Studio Solution File, Format Version 12.00
# Visual Studio Version 16
VisualStudioVersion = 16.0.29519.181
MinimumVisualStudioVersion = 10.0.40219.1
Project("{9A19103F-16F7-4668-BE54-9A1E7A4F7556}") = "Stepeco", "Stepeco.csproj", "{C6159628-4C5F-40C9-A217-ED1E6F579832}"
EndProject
Global
	GlobalSection(SolutionConfigurationPlatforms) = preSolution
		Debug|Any CPU = Debug|Any CPU
		Release|Any CPU = Release|Any CPU
	EndGlobalSection
	GlobalSection(ProjectConfigurationPlatforms) = postSolution
		{C6159628-4C5F-40C9-A217-ED1E6F579832}.Debug|Any CPU.ActiveCfg = Debug|Any CPU
		{C6159628-4C5F-40C9-A217-ED1E6F579832}.Debug|Any CPU.Build.0 = Debug|Any CPU
		{C6159628-4C5F-40C9-A217-ED1E6F579832}.Release|Any CPU.ActiveCfg = Release|Any CPU
		{C6159628-4C5F-40C9-A217-ED1E6F579832}.Release|Any CPU.Build.0 = Release|Any CPU
	EndGlobalSection
	GlobalSection(SolutionProperties) = preSolution
		HideSolutionNode = FALSE
	EndGlobalSection
	GlobalSection(ExtensibilityGlobals) = postSolution
		SolutionGuid = {3A32F5DD-A752-44AB-AE2D-C0F232207D81}
	EndGlobalSection
EndGlobal
