
Microsoft Visual Studio Solution File, Format Version 12.00
# Visual Studio Version 16
VisualStudioVersion = 16.0.29519.181
MinimumVisualStudioVersion = 10.0.40219.1
Project("{FAE04EC0-301F-11D3-BF4B-00C04F79EFBC}") = "Stepeco", "Stepeco\Stepeco.csproj", "{7AE6FDF7-79A4-4E61-8399-41EC39F938F1}"
EndProject
Global
	GlobalSection(SolutionConfigurationPlatforms) = preSolution
		Debug|Any CPU = Debug|Any CPU
		Release|Any CPU = Release|Any CPU
	EndGlobalSection
	GlobalSection(ProjectConfigurationPlatforms) = postSolution
		{7AE6FDF7-79A4-4E61-8399-41EC39F938F1}.Debug|Any CPU.ActiveCfg = Debug|Any CPU
		{7AE6FDF7-79A4-4E61-8399-41EC39F938F1}.Debug|Any CPU.Build.0 = Debug|Any CPU
		{7AE6FDF7-79A4-4E61-8399-41EC39F938F1}.Release|Any CPU.ActiveCfg = Release|Any CPU
		{7AE6FDF7-79A4-4E61-8399-41EC39F938F1}.Release|Any CPU.Build.0 = Release|Any CPU
	EndGlobalSection
	GlobalSection(SolutionProperties) = preSolution
		HideSolutionNode = FALSE
	EndGlobalSection
	GlobalSection(ExtensibilityGlobals) = postSolution
		SolutionGuid = {583C5E35-37F9-44CA-908D-FAF9FEBB45CB}
	EndGlobalSection
EndGlobal
